{
  "version": 4,
  "terraform_version": "1.8.3",
  "serial": 50,
  "lineage": "9c746d5c-773b-f0a2-829b-8506bd6c1df3",
  "outputs": {},
  "resources": [
    {
      "mode": "data",
      "type": "aws_iam_policy_document",
      "name": "eks_mt_window_role",
      "provider": "provider[\"registry.terraform.io/hashicorp/aws\"]",
      "instances": [
        {
          "schema_version": 0,
          "attributes": {
            "id": "454589364",
            "json": "{\n  \"Version\": \"2012-10-17\",\n  \"Statement\": [\n    {\n      \"Effect\": \"Allow\",\n      \"Action\": \"sts:AssumeRole\",\n      \"Principal\": {\n        \"Service\": \"ssm.amazonaws.com\"\n      }\n    }\n  ]\n}",
            "minified_json": "{\"Version\":\"2012-10-17\",\"Statement\":[{\"Effect\":\"Allow\",\"Action\":\"sts:AssumeRole\",\"Principal\":{\"Service\":\"ssm.amazonaws.com\"}}]}",
            "override_json": null,
            "override_policy_documents": null,
            "policy_id": null,
            "source_json": null,
            "source_policy_documents": null,
            "statement": [
              {
                "actions": [
                  "sts:AssumeRole"
                ],
                "condition": [],
                "effect": "Allow",
                "not_actions": [],
                "not_principals": [],
                "not_resources": [],
                "principals": [
                  {
                    "identifiers": [
                      "ssm.amazonaws.com"
                    ],
                    "type": "Service"
                  }
                ],
                "resources": [],
                "sid": ""
              }
            ],
            "version": "2012-10-17"
          },
          "sensitive_attributes": []
        }
      ]
    },
    {
      "mode": "managed",
      "type": "aws_iam_role",
      "name": "mt_window_role",
      "provider": "provider[\"registry.terraform.io/hashicorp/aws\"]",
      "instances": [
        {
          "schema_version": 0,
          "attributes": {
            "arn": "arn:aws:iam::891377400965:role/mt-window-role",
            "assume_role_policy": "{\"Statement\":[{\"Action\":\"sts:AssumeRole\",\"Effect\":\"Allow\",\"Principal\":{\"Service\":\"ssm.amazonaws.com\"}}],\"Version\":\"2012-10-17\"}",
            "create_date": "2024-08-31T16:29:33Z",
            "description": "",
            "force_detach_policies": false,
            "id": "mt-window-role",
            "inline_policy": [],
            "managed_policy_arns": [
              "arn:aws:iam::aws:policy/AmazonSSMFullAccess"
            ],
            "max_session_duration": 3600,
            "name": "mt-window-role",
            "name_prefix": "",
            "path": "/",
            "permissions_boundary": "",
            "tags": {},
            "tags_all": {},
            "unique_id": "AROA47CR3XSCZS4KAX7OO"
          },
          "sensitive_attributes": [],
          "private": "bnVsbA==",
          "dependencies": [
            "data.aws_iam_policy_document.eks_mt_window_role"
          ]
        }
      ]
    },
    {
      "mode": "managed",
      "type": "aws_iam_role_policy_attachment",
      "name": "test_attach",
      "provider": "provider[\"registry.terraform.io/hashicorp/aws\"]",
      "instances": [
        {
          "schema_version": 0,
          "attributes": {
            "id": "mt-window-role-20240831173323906500000001",
            "policy_arn": "arn:aws:iam::aws:policy/AmazonSSMFullAccess",
            "role": "mt-window-role"
          },
          "sensitive_attributes": [],
          "private": "bnVsbA==",
          "dependencies": [
            "aws_iam_role.mt_window_role",
            "data.aws_iam_policy_document.eks_mt_window_role"
          ]
        }
      ]
    },
    {
      "mode": "managed",
      "type": "aws_ssm_activation",
      "name": "foo",
      "provider": "provider[\"registry.terraform.io/hashicorp/aws\"]",
      "instances": [
        {
          "schema_version": 0,
          "attributes": {
            "activation_code": "6rdCvW/eC5BBUH7kq/24",
            "description": "Test",
            "expiration_date": "2024-09-01T16:29:43Z",
            "expired": true,
            "iam_role": "mt-window-role",
            "id": "ab8a9fa9-804d-46bc-a42a-449f0875570f",
            "name": "test_ssm_activation",
            "registration_count": 0,
            "registration_limit": 5,
            "tags": {},
            "tags_all": {}
          },
          "sensitive_attributes": [],
          "private": "bnVsbA==",
          "dependencies": [
            "aws_iam_role.mt_window_role",
            "aws_iam_role_policy_attachment.test_attach",
            "data.aws_iam_policy_document.eks_mt_window_role"
          ]
        }
      ]
    },
    {
      "mode": "managed",
      "type": "aws_ssm_maintenance_window",
      "name": "production",
      "provider": "provider[\"registry.terraform.io/hashicorp/aws\"]",
      "instances": [
        {
          "schema_version": 0,
          "attributes": {
            "allow_unassociated_targets": true,
            "cutoff": 1,
            "description": "",
            "duration": 3,
            "enabled": true,
            "end_date": "",
            "id": "mw-072c6cad8d3199d1b",
            "name": "eks-ephemeral-7473008-d7a2ea3c-mt-window",
            "schedule": "rate(30 days)",
            "schedule_offset": 0,
            "schedule_timezone": "UTC",
            "start_date": "2024-10-01T00:30:00Z",
            "tags": {},
            "tags_all": {}
          },
          "sensitive_attributes": [],
          "private": "bnVsbA=="
        }
      ]
    },
    {
      "mode": "managed",
      "type": "aws_ssm_maintenance_window_target",
      "name": "target1",
      "provider": "provider[\"registry.terraform.io/hashicorp/aws\"]",
      "instances": [
        {
          "schema_version": 0,
          "attributes": {
            "description": "This is a maintenance window target",
            "id": "52189ac9-51c5-4564-9562-657ca530eacd",
            "name": "maintenance-window-target",
            "owner_information": "",
            "resource_type": "INSTANCE",
            "targets": [
              {
                "key": "tag:slb.com/cluster",
                "values": [
                  "ephemeral-7473008-d7a2ea3c"
                ]
              }
            ],
            "window_id": "mw-072c6cad8d3199d1b"
          },
          "sensitive_attributes": [],
          "private": "bnVsbA==",
          "dependencies": [
            "aws_ssm_maintenance_window.production"
          ]
        }
      ]
    },
    {
      "mode": "managed",
      "type": "aws_ssm_maintenance_window_task",
      "name": "update_eks_nodegroup_version",
      "provider": "provider[\"registry.terraform.io/hashicorp/aws\"]",
      "instances": [
        {
          "schema_version": 0,
          "attributes": {
            "arn": "arn:aws:ssm:us-east-1:891377400965:windowtask/6e2e2f6c-a5e3-4cce-a8d8-98f7d6d012e4",
            "cutoff_behavior": "CANCEL_TASK",
            "description": "updates the nodegroup version",
            "id": "6e2e2f6c-a5e3-4cce-a8d8-98f7d6d012e4",
            "max_concurrency": "1",
            "max_errors": "1",
            "name": "Upgrade-AMI",
            "priority": 1,
            "service_role_arn": "arn:aws:iam::891377400965:role/mt-window-role",
            "targets": [
              {
                "key": "WindowTargetIds",
                "values": [
                  "52189ac9-51c5-4564-9562-657ca530eacd"
                ]
              }
            ],
            "task_arn": "AWS-UpdateEKSManagedNodegroupVersion",
            "task_invocation_parameters": [
              {
                "automation_parameters": [
                  {
                    "document_version": "$LATEST",
                    "parameter": [
                      {
                        "name": "ClusterName",
                        "values": [
                          "ephemeral-7473008-ccf8a645"
                        ]
                      },
                      {
                        "name": "ForceUpgrade",
                        "values": [
                          "['']"
                        ]
                      },
                      {
                        "name": "NodeGroupName",
                        "values": [
                          "nodepool1"
                        ]
                      }
                    ]
                  }
                ],
                "lambda_parameters": [],
                "run_command_parameters": [],
                "step_functions_parameters": []
              }
            ],
            "task_type": "AUTOMATION",
            "window_id": "mw-072c6cad8d3199d1b",
            "window_task_id": "6e2e2f6c-a5e3-4cce-a8d8-98f7d6d012e4"
          },
          "sensitive_attributes": [],
          "private": "bnVsbA==",
          "dependencies": [
            "aws_iam_role.mt_window_role",
            "aws_ssm_maintenance_window.production",
            "aws_ssm_maintenance_window_target.target1",
            "data.aws_iam_policy_document.eks_mt_window_role"
          ]
        }
      ]
    }
  ],
  "check_results": null
}
